
Microsoft Visual Studio Solution File, Format Version 12.00
Project("{FAE04EC0-301F-11D3-BF4B-00C04F79EFBC}") = "Kata-Roman-Numerals", "Kata-Roman-Numerals\Kata-Roman-Numerals.csproj", "{92FB0019-AB58-40FA-B53A-5BFE731D6778}"
EndProject
Global
	GlobalSection(SolutionConfigurationPlatforms) = preSolution
		Debug|Any CPU = Debug|Any CPU
		Release|Any CPU = Release|Any CPU
	EndGlobalSection
	GlobalSection(ProjectConfigurationPlatforms) = postSolution
		{92FB0019-AB58-40FA-B53A-5BFE731D6778}.Debug|Any CPU.ActiveCfg = Debug|Any CPU
		{92FB0019-AB58-40FA-B53A-5BFE731D6778}.Debug|Any CPU.Build.0 = Debug|Any CPU
		{92FB0019-AB58-40FA-B53A-5BFE731D6778}.Release|Any CPU.ActiveCfg = Release|Any CPU
		{92FB0019-AB58-40FA-B53A-5BFE731D6778}.Release|Any CPU.Build.0 = Release|Any CPU
	EndGlobalSection
EndGlobal
